
Microsoft Visual Studio Solution File, Format Version 12.00
# Visual Studio Version 17
VisualStudioVersion = 17.0.31903.59
MinimumVisualStudioVersion = 10.0.40219.1
Project("{FAE04EC0-301F-11D3-BF4B-00C04F79EFBC}") = "API", "API\API.csproj", "{BACCC404-6A20-4A8D-A213-7DDB89BD85AE}"
EndProject
Project("{FAE04EC0-301F-11D3-BF4B-00C04F79EFBC}") = "Core", "Core\Core.csproj", "{30F00D62-D7F1-4F40-88DF-0FDE99036388}"
EndProject
Project("{FAE04EC0-301F-11D3-BF4B-00C04F79EFBC}") = "Infrastructure", "Infrastructure\Infrastructure.csproj", "{31C35909-F9AA-4BEA-B387-6ACDE198E4BB}"
EndProject
Global
	GlobalSection(SolutionConfigurationPlatforms) = preSolution
		Debug|Any CPU = Debug|Any CPU
		Release|Any CPU = Release|Any CPU
	EndGlobalSection
	GlobalSection(SolutionProperties) = preSolution
		HideSolutionNode = FALSE
	EndGlobalSection
	GlobalSection(ProjectConfigurationPlatforms) = postSolution
		{BACCC404-6A20-4A8D-A213-7DDB89BD85AE}.Debug|Any CPU.ActiveCfg = Debug|Any CPU
		{BACCC404-6A20-4A8D-A213-7DDB89BD85AE}.Debug|Any CPU.Build.0 = Debug|Any CPU
		{BACCC404-6A20-4A8D-A213-7DDB89BD85AE}.Release|Any CPU.ActiveCfg = Release|Any CPU
		{BACCC404-6A20-4A8D-A213-7DDB89BD85AE}.Release|Any CPU.Build.0 = Release|Any CPU
		{30F00D62-D7F1-4F40-88DF-0FDE99036388}.Debug|Any CPU.ActiveCfg = Debug|Any CPU
		{30F00D62-D7F1-4F40-88DF-0FDE99036388}.Debug|Any CPU.Build.0 = Debug|Any CPU
		{30F00D62-D7F1-4F40-88DF-0FDE99036388}.Release|Any CPU.ActiveCfg = Release|Any CPU
		{30F00D62-D7F1-4F40-88DF-0FDE99036388}.Release|Any CPU.Build.0 = Release|Any CPU
		{31C35909-F9AA-4BEA-B387-6ACDE198E4BB}.Debug|Any CPU.ActiveCfg = Debug|Any CPU
		{31C35909-F9AA-4BEA-B387-6ACDE198E4BB}.Debug|Any CPU.Build.0 = Debug|Any CPU
		{31C35909-F9AA-4BEA-B387-6ACDE198E4BB}.Release|Any CPU.ActiveCfg = Release|Any CPU
		{31C35909-F9AA-4BEA-B387-6ACDE198E4BB}.Release|Any CPU.Build.0 = Release|Any CPU
	EndGlobalSection
EndGlobal
